
Microsoft Visual Studio Solution File, Format Version 12.00
# Visual Studio Version 16
VisualStudioVersion = 16.0.31702.278
MinimumVisualStudioVersion = 10.0.40219.1
Project("{8BC9CEB8-8B4A-11D0-8D11-00A0C91BC942}") = "4-18", "4-18\4-18.vcxproj", "{F74FE7B4-8692-46F5-8B86-16CE0CE9A820}"
EndProject
Global
	GlobalSection(SolutionConfigurationPlatforms) = preSolution
		Debug|x64 = Debug|x64
		Debug|x86 = Debug|x86
		Release|x64 = Release|x64
		Release|x86 = Release|x86
	EndGlobalSection
	GlobalSection(ProjectConfigurationPlatforms) = postSolution
		{F74FE7B4-8692-46F5-8B86-16CE0CE9A820}.Debug|x64.ActiveCfg = Debug|x64
		{F74FE7B4-8692-46F5-8B86-16CE0CE9A820}.Debug|x64.Build.0 = Debug|x64
		{F74FE7B4-8692-46F5-8B86-16CE0CE9A820}.Debug|x86.ActiveCfg = Debug|Win32
		{F74FE7B4-8692-46F5-8B86-16CE0CE9A820}.Debug|x86.Build.0 = Debug|Win32
		{F74FE7B4-8692-46F5-8B86-16CE0CE9A820}.Release|x64.ActiveCfg = Release|x64
		{F74FE7B4-8692-46F5-8B86-16CE0CE9A820}.Release|x64.Build.0 = Release|x64
		{F74FE7B4-8692-46F5-8B86-16CE0CE9A820}.Release|x86.ActiveCfg = Release|Win32
		{F74FE7B4-8692-46F5-8B86-16CE0CE9A820}.Release|x86.Build.0 = Release|Win32
	EndGlobalSection
	GlobalSection(SolutionProperties) = preSolution
		HideSolutionNode = FALSE
	EndGlobalSection
	GlobalSection(ExtensibilityGlobals) = postSolution
		SolutionGuid = {6640A59C-AAFC-4174-8345-F545B23927C1}
	EndGlobalSection
EndGlobal
